{
    "_readme": [
        "This file locks the dependencies of your project to a known state",
        "Read more about it at https://getcomposer.org/doc/01-basic-usage.md#composer-lock-the-lock-file",
        "This file is @generated automatically"
    ],
    "hash": "9178db2b2df1aa8da02930533f9d423b",
    "content-hash": "9b682eb072131301f38ab92ab87dc257",
    "packages": [],
    "packages-dev": [],
    "aliases": [],
    "minimum-stability": "dev",
    "stability-flags": [],
    "prefer-stable": false,
    "prefer-lowest": false,
    "platform": {
        "php": ">=5.5.9",
        "ext-mbstring": "*"
    },
    "platform-dev": []
}
